
Microsoft Visual Studio Solution File, Format Version 12.00
# Visual Studio 15
VisualStudioVersion = 15.0.27130.2027
MinimumVisualStudioVersion = 10.0.40219.1
Project("{FAE04EC0-301F-11D3-BF4B-00C04F79EFBC}") = "Fifa19", "Fifa19\Fifa19.csproj", "{E53037CE-F4C9-49D9-998C-43CEA256F8D7}"
EndProject
Global
	GlobalSection(SolutionConfigurationPlatforms) = preSolution
		Debug|Any CPU = Debug|Any CPU
		Release|Any CPU = Release|Any CPU
	EndGlobalSection
	GlobalSection(ProjectConfigurationPlatforms) = postSolution
		{E53037CE-F4C9-49D9-998C-43CEA256F8D7}.Debug|Any CPU.ActiveCfg = Debug|Any CPU
		{E53037CE-F4C9-49D9-998C-43CEA256F8D7}.Debug|Any CPU.Build.0 = Debug|Any CPU
		{E53037CE-F4C9-49D9-998C-43CEA256F8D7}.Release|Any CPU.ActiveCfg = Release|Any CPU
		{E53037CE-F4C9-49D9-998C-43CEA256F8D7}.Release|Any CPU.Build.0 = Release|Any CPU
	EndGlobalSection
	GlobalSection(SolutionProperties) = preSolution
		HideSolutionNode = FALSE
	EndGlobalSection
	GlobalSection(ExtensibilityGlobals) = postSolution
		SolutionGuid = {3A16782C-2639-4318-9EA5-6F221F9D9D60}
	EndGlobalSection
EndGlobal
